
Microsoft Visual Studio Solution File, Format Version 12.00
# Visual Studio Version 16
VisualStudioVersion = 16.0.30717.126
MinimumVisualStudioVersion = 10.0.40219.1
Project("{FAE04EC0-301F-11D3-BF4B-00C04F79EFBC}") = "SpecflowPrUpdate", "SpecflowPrUpdate\SpecflowPrUpdate.csproj", "{DD3EEDD8-B11C-4DFB-8BDE-738097395233}"
EndProject
Global
	GlobalSection(SolutionConfigurationPlatforms) = preSolution
		Debug|Any CPU = Debug|Any CPU
		Release|Any CPU = Release|Any CPU
	EndGlobalSection
	GlobalSection(ProjectConfigurationPlatforms) = postSolution
		{DD3EEDD8-B11C-4DFB-8BDE-738097395233}.Debug|Any CPU.ActiveCfg = Debug|Any CPU
		{DD3EEDD8-B11C-4DFB-8BDE-738097395233}.Debug|Any CPU.Build.0 = Debug|Any CPU
		{DD3EEDD8-B11C-4DFB-8BDE-738097395233}.Release|Any CPU.ActiveCfg = Release|Any CPU
		{DD3EEDD8-B11C-4DFB-8BDE-738097395233}.Release|Any CPU.Build.0 = Release|Any CPU
	EndGlobalSection
	GlobalSection(SolutionProperties) = preSolution
		HideSolutionNode = FALSE
	EndGlobalSection
	GlobalSection(ExtensibilityGlobals) = postSolution
		SolutionGuid = {A5F9B913-2EB3-44C7-8FA9-C3D86EA9964C}
	EndGlobalSection
EndGlobal
